
Microsoft Visual Studio Solution File, Format Version 12.00
# Visual Studio Version 17
VisualStudioVersion = 17.10.35027.167
MinimumVisualStudioVersion = 10.0.40219.1
Project("{FAE04EC0-301F-11D3-BF4B-00C04F79EFBC}") = "OOP-Assigment02", "OOP-Assigment02\OOP-Assigment02.csproj", "{8659F5EB-919A-4BEC-B09D-E4BB3C930EC1}"
EndProject
Global
	GlobalSection(SolutionConfigurationPlatforms) = preSolution
		Debug|Any CPU = Debug|Any CPU
		Release|Any CPU = Release|Any CPU
	EndGlobalSection
	GlobalSection(ProjectConfigurationPlatforms) = postSolution
		{8659F5EB-919A-4BEC-B09D-E4BB3C930EC1}.Debug|Any CPU.ActiveCfg = Debug|Any CPU
		{8659F5EB-919A-4BEC-B09D-E4BB3C930EC1}.Debug|Any CPU.Build.0 = Debug|Any CPU
		{8659F5EB-919A-4BEC-B09D-E4BB3C930EC1}.Release|Any CPU.ActiveCfg = Release|Any CPU
		{8659F5EB-919A-4BEC-B09D-E4BB3C930EC1}.Release|Any CPU.Build.0 = Release|Any CPU
	EndGlobalSection
	GlobalSection(SolutionProperties) = preSolution
		HideSolutionNode = FALSE
	EndGlobalSection
	GlobalSection(ExtensibilityGlobals) = postSolution
		SolutionGuid = {0BB0E0C6-292B-4FFA-844D-A34429361443}
	EndGlobalSection
EndGlobal
